
Microsoft Visual Studio Solution File, Format Version 12.00
# Visual Studio Version 16
VisualStudioVersion = 16.0.33927.289
MinimumVisualStudioVersion = 10.0.40219.1
Project("{2150E333-8FDC-42A3-9474-1A3956D46DE8}") = "Task0", "Task0", "{43B8F9BC-4CAF-4D56-8432-101D989EFC78}"
EndProject
Project("{FAE04EC0-301F-11D3-BF4B-00C04F79EFBC}") = "Tyuiu.KalimullinaAH.Sprint0.Task0.V0", "Tyuiu.KalimullinaAH.Sprint0.Task0.V0\Tyuiu.KalimullinaAH.Sprint0.Task0.V0.csproj", "{CF41AF5C-C400-4E9B-83AB-03DB32A8BC8A}"
EndProject
Project("{2150E333-8FDC-42A3-9474-1A3956D46DE8}") = "Task1", "Task1", "{A9D6E9AB-D7C3-479C-92C8-A63C9E746DF1}"
EndProject
Project("{2150E333-8FDC-42A3-9474-1A3956D46DE8}") = "Solution Items", "Solution Items", "{F9E495E6-E6BC-4A72-BA46-93EA91144DC0}"
	ProjectSection(SolutionItems) = preProject
		.editorconfig = .editorconfig
	EndProjectSection
EndProject
Project("{FAE04EC0-301F-11D3-BF4B-00C04F79EFBC}") = "Tyuiu.KalimullinaAH.Sprint0.Task1.V0", "..\Tyuiu.KalimullinaAH.Sprint0.Task1.V0\Tyuiu.KalimullinaAH.Sprint0.Task1.V0.csproj", "{6125192B-853A-45C1-95EC-D66C3A7C8410}"
EndProject
Project("{2150E333-8FDC-42A3-9474-1A3956D46DE8}") = "Task2", "Task2", "{0C22C030-3376-4F3F-A54A-7E4C778CEA0A}"
EndProject
Project("{FAE04EC0-301F-11D3-BF4B-00C04F79EFBC}") = "Tyuiu.KalimullinaAH.Sprint0.Task2.V0", "Tyuiu.KalimullinaAH.Sprint0.Task2.V0\Tyuiu.KalimullinaAH.Sprint0.Task2.V0.csproj", "{8E19CA33-3AD7-40C0-9606-2B7B382D49B6}"
EndProject
Project("{FAE04EC0-301F-11D3-BF4B-00C04F79EFBC}") = "Tyuiu.KalimullinaAH.Sprint0.Task2.V0.Lib", "Tyuiu.KalimullinaAH.Sprint0.Task2.V0.Lib\Tyuiu.KalimullinaAH.Sprint0.Task2.V0.Lib.csproj", "{A4A00A5D-D79D-4B8F-99B9-2301201353C4}"
EndProject
Project("{FAE04EC0-301F-11D3-BF4B-00C04F79EFBC}") = "Tyuiu.KalimullinaAH.Sprint0.Task2.V0.Test", "Tyuiu.KalimullinaAH.Sprint0.Task2.V0.Test\Tyuiu.KalimullinaAH.Sprint0.Task2.V0.Test.csproj", "{E7264E14-10ED-4D9F-91EE-220A3037ECBB}"
EndProject
Project("{2150E333-8FDC-42A3-9474-1A3956D46DE8}") = "Task3", "Task3", "{8823AAD2-45DB-4242-83C0-C670AE25FC11}"
EndProject
Project("{FAE04EC0-301F-11D3-BF4B-00C04F79EFBC}") = "Tyuiu.KalimullinaAH.Sprint0.Task3.V0", "Tyuiu.KalimullinaAH.Sprint0.Task3.V0\Tyuiu.KalimullinaAH.Sprint0.Task3.V0.csproj", "{2E6646F5-73F7-4FD6-8FE3-36FB811ABC28}"
EndProject
Project("{FAE04EC0-301F-11D3-BF4B-00C04F79EFBC}") = "Tyuiu.KalimullinaAH.Sprint0.Task3.V0.Test", "Tyuiu.KalimullinaAH.Sprint0.Task3.V0.Test\Tyuiu.KalimullinaAH.Sprint0.Task3.V0.Test.csproj", "{05E48F50-88E5-4E57-AC95-6C57C148C901}"
EndProject
Project("{FAE04EC0-301F-11D3-BF4B-00C04F79EFBC}") = "Tyuiu.KalimullinaAH.Sprint0.Task3.V0.Lib", "Tyuiu.KalimullinaAH.Sprint0.Task3.V0.Lib\Tyuiu.KalimullinaAH.Sprint0.Task3.V0.Lib.csproj", "{499686CB-E57B-4EF4-A3B7-B135D78AC490}"
EndProject
Project("{2150E333-8FDC-42A3-9474-1A3956D46DE8}") = "Task4", "Task4", "{07CE2F06-BE82-48F9-BD02-DB457B5B42BD}"
EndProject
Project("{FAE04EC0-301F-11D3-BF4B-00C04F79EFBC}") = "Tyuiu.KalimullinaAH.Sprint0.Task4.V0.Test", "Tyuiu.KalimullinaAH.Sprint0.Task4.V0.Test\Tyuiu.KalimullinaAH.Sprint0.Task4.V0.Test.csproj", "{7C069F05-16C7-422C-8497-086373C98164}"
EndProject
Project("{FAE04EC0-301F-11D3-BF4B-00C04F79EFBC}") = "Tyuiu.KalimullinaAH.Sprint0.Task4.V0.Lib", "Tyuiu.KalimullinaAH.Sprint0.Task4.V0.Lib\Tyuiu.KalimullinaAH.Sprint0.Task4.V0.Lib.csproj", "{C3810D8F-4C3A-49C9-A136-9367934476BA}"
EndProject
Project("{FAE04EC0-301F-11D3-BF4B-00C04F79EFBC}") = "Tyuiu.KalimullinaAH.Sprint0.Task4.V0", "Tyuiu.KalimullinaAH.Sprint0.Task4.V0\Tyuiu.KalimullinaAH.Sprint0.Task4.V0.csproj", "{C7D55B4E-65C8-43E7-9070-4EE706094824}"
EndProject
Project("{2150E333-8FDC-42A3-9474-1A3956D46DE8}") = "Task5", "Task5", "{018A0D98-AFB3-4166-9616-4A08947EB587}"
EndProject
Project("{FAE04EC0-301F-11D3-BF4B-00C04F79EFBC}") = "Tyuiu.KalimullinaAH.Sprint0.Task5.V0.Lib", "Tyuiu.KalimullinaAH.Sprint0.Task5.V0.Lib\Tyuiu.KalimullinaAH.Sprint0.Task5.V0.Lib.csproj", "{ADF873A4-7643-4CD9-90C6-B2FEEBE15D6B}"
EndProject
Project("{FAE04EC0-301F-11D3-BF4B-00C04F79EFBC}") = "Tyuiu.KalimullinaAH.Sprint0.Task5.V0.Test", "Tyuiu.KalimullinaAH.Sprint0.Task5.V0.Test\Tyuiu.KalimullinaAH.Sprint0.Task5.V0.Test.csproj", "{6C78DCA7-95A2-45E3-9F4A-91E312959430}"
EndProject
Project("{FAE04EC0-301F-11D3-BF4B-00C04F79EFBC}") = "Tyuiu.KalimullinaAH.Sprint0.Task5.V0", "Tyuiu.KalimullinaAH.Sprint0.Task5.V0\Tyuiu.KalimullinaAH.Sprint0.Task5.V0.csproj", "{A50B5103-E96C-41A5-86CA-0EE7A42148B2}"
EndProject
Project("{2150E333-8FDC-42A3-9474-1A3956D46DE8}") = "Task6", "Task6", "{27F3DB1F-BD32-483C-87D8-C0565AE6641E}"
EndProject
Project("{FAE04EC0-301F-11D3-BF4B-00C04F79EFBC}") = "Tyuiu.KalimullinaAH.Sprint0.Task6.V0.Lib", "Tyuiu.KalimullinaAH.Sprint0.Task6.V0.Lib\Tyuiu.KalimullinaAH.Sprint0.Task6.V0.Lib.csproj", "{2352154A-9A18-469B-B82A-7E80918372DA}"
EndProject
Project("{FAE04EC0-301F-11D3-BF4B-00C04F79EFBC}") = "Tyuiu.KalimullinaAH.Sprint0.Task6.V0.Test", "Tyuiu.KalimullinaAH.Sprint0.Task6.V0.Test\Tyuiu.KalimullinaAH.Sprint0.Task6.V0.Test.csproj", "{0E831B54-78F1-4210-ACAE-CAAC9474F5E9}"
EndProject
Project("{FAE04EC0-301F-11D3-BF4B-00C04F79EFBC}") = "Tyuiu.KalimullinaAH.Sprint0.Task6.V0", "Tyuiu.KalimullinaAH.Sprint0.Task6.V0\Tyuiu.KalimullinaAH.Sprint0.Task6.V0.csproj", "{6AB47035-36AC-48D6-ACB5-50243CB04C08}"
EndProject
Project("{2150E333-8FDC-42A3-9474-1A3956D46DE8}") = "Task7", "Task7", "{DBDB616D-8AE2-4130-8290-9EE7FFA6962E}"
EndProject
Project("{FAE04EC0-301F-11D3-BF4B-00C04F79EFBC}") = "Tyuiu.KalimullinaAH.Sprint0.Task7.V0", "Tyuiu.KalimullinaAH.Sprint0.Task7.V0\Tyuiu.KalimullinaAH.Sprint0.Task7.V0.csproj", "{B9F69784-5526-47BB-9537-D2825D6B4EAB}"
EndProject
Project("{FAE04EC0-301F-11D3-BF4B-00C04F79EFBC}") = "Tyuiu.KalimullinaAH.Sprint0.Task7.V0.Test", "Tyuiu.KalimullinaAH.Sprint0.Task7.V0.Test\Tyuiu.KalimullinaAH.Sprint0.Task7.V0.Test.csproj", "{FCE3EB0E-CD0E-46EE-A0B3-C92C95034303}"
EndProject
Project("{FAE04EC0-301F-11D3-BF4B-00C04F79EFBC}") = "Tyuiu.KalimullinaAH.Sprint0.Task7.V0.Lib", "Tyuiu.KalimullinaAH.Sprint0.Task7.V0.Lib\Tyuiu.KalimullinaAH.Sprint0.Task7.V0.Lib.csproj", "{1083D523-15DA-4125-8E31-6D70488B9C51}"
EndProject
Global
	GlobalSection(SolutionConfigurationPlatforms) = preSolution
		Debug|Any CPU = Debug|Any CPU
		Release|Any CPU = Release|Any CPU
	EndGlobalSection
	GlobalSection(ProjectConfigurationPlatforms) = postSolution
		{CF41AF5C-C400-4E9B-83AB-03DB32A8BC8A}.Debug|Any CPU.ActiveCfg = Debug|Any CPU
		{CF41AF5C-C400-4E9B-83AB-03DB32A8BC8A}.Debug|Any CPU.Build.0 = Debug|Any CPU
		{CF41AF5C-C400-4E9B-83AB-03DB32A8BC8A}.Release|Any CPU.ActiveCfg = Release|Any CPU
		{CF41AF5C-C400-4E9B-83AB-03DB32A8BC8A}.Release|Any CPU.Build.0 = Release|Any CPU
		{6125192B-853A-45C1-95EC-D66C3A7C8410}.Debug|Any CPU.ActiveCfg = Debug|Any CPU
		{6125192B-853A-45C1-95EC-D66C3A7C8410}.Debug|Any CPU.Build.0 = Debug|Any CPU
		{6125192B-853A-45C1-95EC-D66C3A7C8410}.Release|Any CPU.ActiveCfg = Release|Any CPU
		{6125192B-853A-45C1-95EC-D66C3A7C8410}.Release|Any CPU.Build.0 = Release|Any CPU
		{8E19CA33-3AD7-40C0-9606-2B7B382D49B6}.Debug|Any CPU.ActiveCfg = Debug|Any CPU
		{8E19CA33-3AD7-40C0-9606-2B7B382D49B6}.Debug|Any CPU.Build.0 = Debug|Any CPU
		{8E19CA33-3AD7-40C0-9606-2B7B382D49B6}.Release|Any CPU.ActiveCfg = Release|Any CPU
		{8E19CA33-3AD7-40C0-9606-2B7B382D49B6}.Release|Any CPU.Build.0 = Release|Any CPU
		{A4A00A5D-D79D-4B8F-99B9-2301201353C4}.Debug|Any CPU.ActiveCfg = Debug|Any CPU
		{A4A00A5D-D79D-4B8F-99B9-2301201353C4}.Debug|Any CPU.Build.0 = Debug|Any CPU
		{A4A00A5D-D79D-4B8F-99B9-2301201353C4}.Release|Any CPU.ActiveCfg = Release|Any CPU
		{A4A00A5D-D79D-4B8F-99B9-2301201353C4}.Release|Any CPU.Build.0 = Release|Any CPU
		{E7264E14-10ED-4D9F-91EE-220A3037ECBB}.Debug|Any CPU.ActiveCfg = Debug|Any CPU
		{E7264E14-10ED-4D9F-91EE-220A3037ECBB}.Debug|Any CPU.Build.0 = Debug|Any CPU
		{E7264E14-10ED-4D9F-91EE-220A3037ECBB}.Release|Any CPU.ActiveCfg = Release|Any CPU
		{E7264E14-10ED-4D9F-91EE-220A3037ECBB}.Release|Any CPU.Build.0 = Release|Any CPU
		{2E6646F5-73F7-4FD6-8FE3-36FB811ABC28}.Debug|Any CPU.ActiveCfg = Debug|Any CPU
		{2E6646F5-73F7-4FD6-8FE3-36FB811ABC28}.Debug|Any CPU.Build.0 = Debug|Any CPU
		{2E6646F5-73F7-4FD6-8FE3-36FB811ABC28}.Release|Any CPU.ActiveCfg = Release|Any CPU
		{2E6646F5-73F7-4FD6-8FE3-36FB811ABC28}.Release|Any CPU.Build.0 = Release|Any CPU
		{05E48F50-88E5-4E57-AC95-6C57C148C901}.Debug|Any CPU.ActiveCfg = Debug|Any CPU
		{05E48F50-88E5-4E57-AC95-6C57C148C901}.Debug|Any CPU.Build.0 = Debug|Any CPU
		{05E48F50-88E5-4E57-AC95-6C57C148C901}.Release|Any CPU.ActiveCfg = Release|Any CPU
		{05E48F50-88E5-4E57-AC95-6C57C148C901}.Release|Any CPU.Build.0 = Release|Any CPU
		{499686CB-E57B-4EF4-A3B7-B135D78AC490}.Debug|Any CPU.ActiveCfg = Debug|Any CPU
		{499686CB-E57B-4EF4-A3B7-B135D78AC490}.Debug|Any CPU.Build.0 = Debug|Any CPU
		{499686CB-E57B-4EF4-A3B7-B135D78AC490}.Release|Any CPU.ActiveCfg = Release|Any CPU
		{499686CB-E57B-4EF4-A3B7-B135D78AC490}.Release|Any CPU.Build.0 = Release|Any CPU
		{7C069F05-16C7-422C-8497-086373C98164}.Debug|Any CPU.ActiveCfg = Debug|Any CPU
		{7C069F05-16C7-422C-8497-086373C98164}.Debug|Any CPU.Build.0 = Debug|Any CPU
		{7C069F05-16C7-422C-8497-086373C98164}.Release|Any CPU.ActiveCfg = Release|Any CPU
		{7C069F05-16C7-422C-8497-086373C98164}.Release|Any CPU.Build.0 = Release|Any CPU
		{C3810D8F-4C3A-49C9-A136-9367934476BA}.Debug|Any CPU.ActiveCfg = Debug|Any CPU
		{C3810D8F-4C3A-49C9-A136-9367934476BA}.Debug|Any CPU.Build.0 = Debug|Any CPU
		{C3810D8F-4C3A-49C9-A136-9367934476BA}.Release|Any CPU.ActiveCfg = Release|Any CPU
		{C3810D8F-4C3A-49C9-A136-9367934476BA}.Release|Any CPU.Build.0 = Release|Any CPU
		{C7D55B4E-65C8-43E7-9070-4EE706094824}.Debug|Any CPU.ActiveCfg = Debug|Any CPU
		{C7D55B4E-65C8-43E7-9070-4EE706094824}.Debug|Any CPU.Build.0 = Debug|Any CPU
		{C7D55B4E-65C8-43E7-9070-4EE706094824}.Release|Any CPU.ActiveCfg = Release|Any CPU
		{C7D55B4E-65C8-43E7-9070-4EE706094824}.Release|Any CPU.Build.0 = Release|Any CPU
		{ADF873A4-7643-4CD9-90C6-B2FEEBE15D6B}.Debug|Any CPU.ActiveCfg = Debug|Any CPU
		{ADF873A4-7643-4CD9-90C6-B2FEEBE15D6B}.Debug|Any CPU.Build.0 = Debug|Any CPU
		{ADF873A4-7643-4CD9-90C6-B2FEEBE15D6B}.Release|Any CPU.ActiveCfg = Release|Any CPU
		{ADF873A4-7643-4CD9-90C6-B2FEEBE15D6B}.Release|Any CPU.Build.0 = Release|Any CPU
		{6C78DCA7-95A2-45E3-9F4A-91E312959430}.Debug|Any CPU.ActiveCfg = Debug|Any CPU
		{6C78DCA7-95A2-45E3-9F4A-91E312959430}.Debug|Any CPU.Build.0 = Debug|Any CPU
		{6C78DCA7-95A2-45E3-9F4A-91E312959430}.Release|Any CPU.ActiveCfg = Release|Any CPU
		{6C78DCA7-95A2-45E3-9F4A-91E312959430}.Release|Any CPU.Build.0 = Release|Any CPU
		{A50B5103-E96C-41A5-86CA-0EE7A42148B2}.Debug|Any CPU.ActiveCfg = Debug|Any CPU
		{A50B5103-E96C-41A5-86CA-0EE7A42148B2}.Debug|Any CPU.Build.0 = Debug|Any CPU
		{A50B5103-E96C-41A5-86CA-0EE7A42148B2}.Release|Any CPU.ActiveCfg = Release|Any CPU
		{A50B5103-E96C-41A5-86CA-0EE7A42148B2}.Release|Any CPU.Build.0 = Release|Any CPU
		{2352154A-9A18-469B-B82A-7E80918372DA}.Debug|Any CPU.ActiveCfg = Debug|Any CPU
		{2352154A-9A18-469B-B82A-7E80918372DA}.Debug|Any CPU.Build.0 = Debug|Any CPU
		{2352154A-9A18-469B-B82A-7E80918372DA}.Release|Any CPU.ActiveCfg = Release|Any CPU
		{2352154A-9A18-469B-B82A-7E80918372DA}.Release|Any CPU.Build.0 = Release|Any CPU
		{0E831B54-78F1-4210-ACAE-CAAC9474F5E9}.Debug|Any CPU.ActiveCfg = Debug|Any CPU
		{0E831B54-78F1-4210-ACAE-CAAC9474F5E9}.Debug|Any CPU.Build.0 = Debug|Any CPU
		{0E831B54-78F1-4210-ACAE-CAAC9474F5E9}.Release|Any CPU.ActiveCfg = Release|Any CPU
		{0E831B54-78F1-4210-ACAE-CAAC9474F5E9}.Release|Any CPU.Build.0 = Release|Any CPU
		{6AB47035-36AC-48D6-ACB5-50243CB04C08}.Debug|Any CPU.ActiveCfg = Debug|Any CPU
		{6AB47035-36AC-48D6-ACB5-50243CB04C08}.Debug|Any CPU.Build.0 = Debug|Any CPU
		{6AB47035-36AC-48D6-ACB5-50243CB04C08}.Release|Any CPU.ActiveCfg = Release|Any CPU
		{6AB47035-36AC-48D6-ACB5-50243CB04C08}.Release|Any CPU.Build.0 = Release|Any CPU
		{B9F69784-5526-47BB-9537-D2825D6B4EAB}.Debug|Any CPU.ActiveCfg = Debug|Any CPU
		{B9F69784-5526-47BB-9537-D2825D6B4EAB}.Debug|Any CPU.Build.0 = Debug|Any CPU
		{B9F69784-5526-47BB-9537-D2825D6B4EAB}.Release|Any CPU.ActiveCfg = Release|Any CPU
		{B9F69784-5526-47BB-9537-D2825D6B4EAB}.Release|Any CPU.Build.0 = Release|Any CPU
		{FCE3EB0E-CD0E-46EE-A0B3-C92C95034303}.Debug|Any CPU.ActiveCfg = Debug|Any CPU
		{FCE3EB0E-CD0E-46EE-A0B3-C92C95034303}.Debug|Any CPU.Build.0 = Debug|Any CPU
		{FCE3EB0E-CD0E-46EE-A0B3-C92C95034303}.Release|Any CPU.ActiveCfg = Release|Any CPU
		{FCE3EB0E-CD0E-46EE-A0B3-C92C95034303}.Release|Any CPU.Build.0 = Release|Any CPU
		{1083D523-15DA-4125-8E31-6D70488B9C51}.Debug|Any CPU.ActiveCfg = Debug|Any CPU
		{1083D523-15DA-4125-8E31-6D70488B9C51}.Debug|Any CPU.Build.0 = Debug|Any CPU
		{1083D523-15DA-4125-8E31-6D70488B9C51}.Release|Any CPU.ActiveCfg = Release|Any CPU
		{1083D523-15DA-4125-8E31-6D70488B9C51}.Release|Any CPU.Build.0 = Release|Any CPU
	EndGlobalSection
	GlobalSection(SolutionProperties) = preSolution
		HideSolutionNode = FALSE
	EndGlobalSection
	GlobalSection(NestedProjects) = preSolution
		{CF41AF5C-C400-4E9B-83AB-03DB32A8BC8A} = {43B8F9BC-4CAF-4D56-8432-101D989EFC78}
		{6125192B-853A-45C1-95EC-D66C3A7C8410} = {A9D6E9AB-D7C3-479C-92C8-A63C9E746DF1}
		{8E19CA33-3AD7-40C0-9606-2B7B382D49B6} = {0C22C030-3376-4F3F-A54A-7E4C778CEA0A}
		{A4A00A5D-D79D-4B8F-99B9-2301201353C4} = {0C22C030-3376-4F3F-A54A-7E4C778CEA0A}
		{E7264E14-10ED-4D9F-91EE-220A3037ECBB} = {0C22C030-3376-4F3F-A54A-7E4C778CEA0A}
		{2E6646F5-73F7-4FD6-8FE3-36FB811ABC28} = {8823AAD2-45DB-4242-83C0-C670AE25FC11}
		{05E48F50-88E5-4E57-AC95-6C57C148C901} = {8823AAD2-45DB-4242-83C0-C670AE25FC11}
		{499686CB-E57B-4EF4-A3B7-B135D78AC490} = {8823AAD2-45DB-4242-83C0-C670AE25FC11}
		{7C069F05-16C7-422C-8497-086373C98164} = {07CE2F06-BE82-48F9-BD02-DB457B5B42BD}
		{C3810D8F-4C3A-49C9-A136-9367934476BA} = {07CE2F06-BE82-48F9-BD02-DB457B5B42BD}
		{C7D55B4E-65C8-43E7-9070-4EE706094824} = {07CE2F06-BE82-48F9-BD02-DB457B5B42BD}
		{ADF873A4-7643-4CD9-90C6-B2FEEBE15D6B} = {018A0D98-AFB3-4166-9616-4A08947EB587}
		{6C78DCA7-95A2-45E3-9F4A-91E312959430} = {018A0D98-AFB3-4166-9616-4A08947EB587}
		{A50B5103-E96C-41A5-86CA-0EE7A42148B2} = {018A0D98-AFB3-4166-9616-4A08947EB587}
		{2352154A-9A18-469B-B82A-7E80918372DA} = {27F3DB1F-BD32-483C-87D8-C0565AE6641E}
		{0E831B54-78F1-4210-ACAE-CAAC9474F5E9} = {27F3DB1F-BD32-483C-87D8-C0565AE6641E}
		{6AB47035-36AC-48D6-ACB5-50243CB04C08} = {27F3DB1F-BD32-483C-87D8-C0565AE6641E}
		{B9F69784-5526-47BB-9537-D2825D6B4EAB} = {DBDB616D-8AE2-4130-8290-9EE7FFA6962E}
		{FCE3EB0E-CD0E-46EE-A0B3-C92C95034303} = {DBDB616D-8AE2-4130-8290-9EE7FFA6962E}
		{1083D523-15DA-4125-8E31-6D70488B9C51} = {DBDB616D-8AE2-4130-8290-9EE7FFA6962E}
	EndGlobalSection
	GlobalSection(ExtensibilityGlobals) = postSolution
		SolutionGuid = {78B95043-4451-432F-A1EB-280449E266FC}
	EndGlobalSection
EndGlobal
