
Microsoft Visual Studio Solution File, Format Version 12.00
# Visual Studio Version 16
VisualStudioVersion = 16.0.33927.289
MinimumVisualStudioVersion = 10.0.40219.1
Project("{2150E333-8FDC-42A3-9474-1A3956D46DE8}") = "Task0", "Task0", "{43B8F9BC-4CAF-4D56-8432-101D989EFC78}"
EndProject
Project("{FAE04EC0-301F-11D3-BF4B-00C04F79EFBC}") = "Tyuiu.KalimullinaAH.Sprint0.Task0.V0", "Tyuiu.KalimullinaAH.Sprint0.Task0.V0\Tyuiu.KalimullinaAH.Sprint0.Task0.V0.csproj", "{CF41AF5C-C400-4E9B-83AB-03DB32A8BC8A}"
EndProject
Global
	GlobalSection(SolutionConfigurationPlatforms) = preSolution
		Debug|Any CPU = Debug|Any CPU
		Release|Any CPU = Release|Any CPU
	EndGlobalSection
	GlobalSection(ProjectConfigurationPlatforms) = postSolution
		{CF41AF5C-C400-4E9B-83AB-03DB32A8BC8A}.Debug|Any CPU.ActiveCfg = Debug|Any CPU
		{CF41AF5C-C400-4E9B-83AB-03DB32A8BC8A}.Debug|Any CPU.Build.0 = Debug|Any CPU
		{CF41AF5C-C400-4E9B-83AB-03DB32A8BC8A}.Release|Any CPU.ActiveCfg = Release|Any CPU
		{CF41AF5C-C400-4E9B-83AB-03DB32A8BC8A}.Release|Any CPU.Build.0 = Release|Any CPU
	EndGlobalSection
	GlobalSection(SolutionProperties) = preSolution
		HideSolutionNode = FALSE
	EndGlobalSection
	GlobalSection(NestedProjects) = preSolution
		{CF41AF5C-C400-4E9B-83AB-03DB32A8BC8A} = {43B8F9BC-4CAF-4D56-8432-101D989EFC78}
	EndGlobalSection
	GlobalSection(ExtensibilityGlobals) = postSolution
		SolutionGuid = {78B95043-4451-432F-A1EB-280449E266FC}
	EndGlobalSection
EndGlobal
